
Microsoft Visual Studio Solution File, Format Version 12.00
# Visual Studio Version 17
VisualStudioVersion = 17.8.34316.72
MinimumVisualStudioVersion = 10.0.40219.1
Project("{2150E333-8FDC-42A3-9474-1A3956D46DE8}") = "FrontEnd", "FrontEnd", "{B17EEF77-91AA-446D-81D6-D420F53120A4}"
EndProject
Project("{2150E333-8FDC-42A3-9474-1A3956D46DE8}") = "Services", "Services", "{1C7CEA49-1624-45F9-947E-68B394808D15}"
EndProject
Project("{FAE04EC0-301F-11D3-BF4B-00C04F79EFBC}") = "GeekShopping.Web", "GeekShopping.Web\GeekShopping.Web.csproj", "{EAC6FC14-421B-40A5-8D1D-E7DE3FE4DE16}"
EndProject
Project("{FAE04EC0-301F-11D3-BF4B-00C04F79EFBC}") = "GeekShopping.ProductAPI", "GeekShopping.ProductAPI\GeekShopping.ProductAPI.csproj", "{F8D8E8D3-6B78-47C2-A997-D864E61D492E}"
EndProject
Global
	GlobalSection(SolutionConfigurationPlatforms) = preSolution
		Debug|Any CPU = Debug|Any CPU
		Release|Any CPU = Release|Any CPU
	EndGlobalSection
	GlobalSection(ProjectConfigurationPlatforms) = postSolution
		{EAC6FC14-421B-40A5-8D1D-E7DE3FE4DE16}.Debug|Any CPU.ActiveCfg = Debug|Any CPU
		{EAC6FC14-421B-40A5-8D1D-E7DE3FE4DE16}.Debug|Any CPU.Build.0 = Debug|Any CPU
		{EAC6FC14-421B-40A5-8D1D-E7DE3FE4DE16}.Release|Any CPU.ActiveCfg = Release|Any CPU
		{EAC6FC14-421B-40A5-8D1D-E7DE3FE4DE16}.Release|Any CPU.Build.0 = Release|Any CPU
		{F8D8E8D3-6B78-47C2-A997-D864E61D492E}.Debug|Any CPU.ActiveCfg = Debug|Any CPU
		{F8D8E8D3-6B78-47C2-A997-D864E61D492E}.Debug|Any CPU.Build.0 = Debug|Any CPU
		{F8D8E8D3-6B78-47C2-A997-D864E61D492E}.Release|Any CPU.ActiveCfg = Release|Any CPU
		{F8D8E8D3-6B78-47C2-A997-D864E61D492E}.Release|Any CPU.Build.0 = Release|Any CPU
	EndGlobalSection
	GlobalSection(SolutionProperties) = preSolution
		HideSolutionNode = FALSE
	EndGlobalSection
	GlobalSection(NestedProjects) = preSolution
		{EAC6FC14-421B-40A5-8D1D-E7DE3FE4DE16} = {B17EEF77-91AA-446D-81D6-D420F53120A4}
		{F8D8E8D3-6B78-47C2-A997-D864E61D492E} = {1C7CEA49-1624-45F9-947E-68B394808D15}
	EndGlobalSection
	GlobalSection(ExtensibilityGlobals) = postSolution
		SolutionGuid = {BD78D484-7D62-4DC8-9B34-7BAF837E97B1}
	EndGlobalSection
EndGlobal
